<?xml version="1.0" encoding="utf-8"?>
<Project ToolsVersion="4.0" xmlns="http://schemas.microsoft.com/developer/msbuild/2003">
  <ItemGroup>
    <Filter Include="Source Files">
      <UniqueIdentifier>{4FC737F1-C7A5-4376-A066-2A32D752A2FF}</UniqueIdentifier>
      <Extensions>cpp;c;cc;cxx;c++;cppm;ixx;def;odl;idl;hpj;bat;asm;asmx</Extensions>
    </Filter>
    <Filter Include="Header Files">
      <UniqueIdentifier>{93995380-89BD-4b04-88EB-625FBE52EBFB}</UniqueIdentifier>
      <Extensions>h;hh;hpp;hxx;h++;hm;inl;inc;ipp;xsd</Extensions>
    </Filter>
    <Filter Include="Resource Files">
      <UniqueIdentifier>{67DA6AB6-F800-4c08-8B7A-83BB121AAD01}</UniqueIdentifier>
      <Extensions>rc;ico;cur;bmp;dlg;rc2;rct;bin;rgs;gif;jpg;jpeg;jpe;resx;tiff;tif;png;wav;mfcribbon-ms</Extensions>
    </Filter>
    <Filter Include="Header Files\main">
      <UniqueIdentifier>{71220a17-456c-4f43-b27c-33093c73de58}</UniqueIdentifier>
    </Filter>
    <Filter Include="Header Files\pojos">
      <UniqueIdentifier>{f2e7d60b-4e1f-4c77-b830-64779c6d1d0d}</UniqueIdentifier>
    </Filter>
    <Filter Include="Header Files\pojos\requests">
      <UniqueIdentifier>{d95c2531-105b-40da-a68e-308f36165192}</UniqueIdentifier>
    </Filter>
    <Filter Include="Header Files\pojos\results">
      <UniqueIdentifier>{20e532e1-ec7f-4d48-8d96-d2559d143ca7}</UniqueIdentifier>
    </Filter>
    <Filter Include="Header Files\utils">
      <UniqueIdentifier>{457293b7-859b-4646-9158-a95d2bde6e5f}</UniqueIdentifier>
    </Filter>
    <Filter Include="Header Files\pojos\requests\bank">
      <UniqueIdentifier>{f5474875-4f9f-487b-bcd0-a7c524e43736}</UniqueIdentifier>
    </Filter>
    <Filter Include="Header Files\pojos\requests\ecr">
      <UniqueIdentifier>{aae18974-35ce-4edb-a682-d3ad5b011caf}</UniqueIdentifier>
    </Filter>
    <Filter Include="Header Files\pojos\results\bank">
      <UniqueIdentifier>{70edb8c9-bdfd-4f4a-95df-5561ab9841d7}</UniqueIdentifier>
    </Filter>
    <Filter Include="Header Files\pojos\results\ecr">
      <UniqueIdentifier>{6a537f66-745f-4fbc-abf5-14156422b039}</UniqueIdentifier>
    </Filter>
  </ItemGroup>
  <ItemGroup>
    <ClCompile Include="src\MainApp.cpp">
      <Filter>Source Files</Filter>
    </ClCompile>
    <ClCompile Include="src\ResultListener.cpp">
      <Filter>Source Files</Filter>
    </ClCompile>
  </ItemGroup>
  <ItemGroup>
    <ClInclude Include="src\headers\main\ClientServiceContract.h">
      <Filter>Header Files\main</Filter>
    </ClInclude>
    <ClInclude Include="src\headers\main\OpitClient.h">
      <Filter>Header Files\main</Filter>
    </ClInclude>
    <ClInclude Include="src\headers\main\OpitResultListener.h">
      <Filter>Header Files\main</Filter>
    </ClInclude>
    <ClInclude Include="src\headers\utils\ClientUtils.h">
      <Filter>Header Files\utils</Filter>
    </ClInclude>
    <ClInclude Include="src\headers\utils\Constants.h">
      <Filter>Header Files\utils</Filter>
    </ClInclude>
    <ClInclude Include="src\headers\utils\Debug.h">
      <Filter>Header Files\utils</Filter>
    </ClInclude>
    <ClInclude Include="src\headers\utils\JsonUtils.h">
      <Filter>Header Files\utils</Filter>
    </ClInclude>
    <ClInclude Include="src\headers\utils\Sleep.hpp">
      <Filter>Header Files\utils</Filter>
    </ClInclude>
    <ClInclude Include="src\headers\dll.h">
      <Filter>Header Files</Filter>
    </ClInclude>
    <ClInclude Include="src\headers\main\ResultListener.h">
      <Filter>Header Files\main</Filter>
    </ClInclude>
    <ClInclude Include="src\headers\pojos\requests\bank\CurrencyRequest.h">
      <Filter>Header Files\pojos\requests\bank</Filter>
    </ClInclude>
    <ClInclude Include="src\headers\pojos\requests\bank\PaymentRequest.h">
      <Filter>Header Files\pojos\requests\bank</Filter>
    </ClInclude>
    <ClInclude Include="src\headers\pojos\requests\bank\ReceiptRequest.h">
      <Filter>Header Files\pojos\requests\bank</Filter>
    </ClInclude>
    <ClInclude Include="src\headers\pojos\requests\bank\SimpleRequest.h">
      <Filter>Header Files\pojos\requests\bank</Filter>
    </ClInclude>
    <ClInclude Include="src\headers\pojos\requests\ecr\CommandRequest.h">
      <Filter>Header Files\pojos\requests\ecr</Filter>
    </ClInclude>
    <ClInclude Include="src\headers\pojos\requests\ecr\CustomerInfo.h">
      <Filter>Header Files\pojos\requests\ecr</Filter>
    </ClInclude>
    <ClInclude Include="src\headers\pojos\requests\ecr\FreeTextInfo.h">
      <Filter>Header Files\pojos\requests\ecr</Filter>
    </ClInclude>
    <ClInclude Include="src\headers\pojos\requests\ecr\PaymentsInfo.h">
      <Filter>Header Files\pojos\requests\ecr</Filter>
    </ClInclude>
    <ClInclude Include="src\headers\pojos\requests\ecr\ProductsInfo.h">
      <Filter>Header Files\pojos\requests\ecr</Filter>
    </ClInclude>
    <ClInclude Include="src\headers\pojos\requests\ecr\ReportRequest.h">
      <Filter>Header Files\pojos\requests\ecr</Filter>
    </ClInclude>
    <ClInclude Include="src\headers\pojos\requests\ecr\SaleInfo.h">
      <Filter>Header Files\pojos\requests\ecr</Filter>
    </ClInclude>
    <ClInclude Include="src\headers\pojos\requests\ecr\SaleRequest.h">
      <Filter>Header Files\pojos\requests\ecr</Filter>
    </ClInclude>
    <ClInclude Include="src\headers\pojos\requests\ecr\ScreenRequest.h">
      <Filter>Header Files\pojos\requests\ecr</Filter>
    </ClInclude>
    <ClInclude Include="src\headers\pojos\requests\ecr\SetCompanyRequest.h">
      <Filter>Header Files\pojos\requests\ecr</Filter>
    </ClInclude>
    <ClInclude Include="src\headers\pojos\requests\ecr\SetDateTimeRequest.h">
      <Filter>Header Files\pojos\requests\ecr</Filter>
    </ClInclude>
    <ClInclude Include="src\headers\pojos\requests\ecr\TotalAdjustments.h">
      <Filter>Header Files\pojos\requests\ecr</Filter>
    </ClInclude>
    <ClInclude Include="src\headers\pojos\requests\ecr\VatRatesRequest.h">
      <Filter>Header Files\pojos\requests\ecr</Filter>
    </ClInclude>
    <ClInclude Include="src\headers\pojos\requests\ClientMessage.h">
      <Filter>Header Files\pojos\requests</Filter>
    </ClInclude>
    <ClInclude Include="src\headers\pojos\requests\HostMessage.h">
      <Filter>Header Files\pojos\requests</Filter>
    </ClInclude>
    <ClInclude Include="src\headers\pojos\requests\Request.h">
      <Filter>Header Files\pojos\requests</Filter>
    </ClInclude>
    <ClInclude Include="src\headers\pojos\results\BasicResult.h">
      <Filter>Header Files\pojos\results</Filter>
    </ClInclude>
    <ClInclude Include="src\headers\pojos\results\Result.h">
      <Filter>Header Files\pojos\results</Filter>
    </ClInclude>
    <ClInclude Include="src\headers\pojos\results\bank\DetailedXResult.h">
      <Filter>Header Files\pojos\results\bank</Filter>
    </ClInclude>
    <ClInclude Include="src\headers\pojos\results\bank\LastSettlementResult.h">
      <Filter>Header Files\pojos\results\bank</Filter>
    </ClInclude>
    <ClInclude Include="src\headers\pojos\results\bank\PaymentResult.h">
      <Filter>Header Files\pojos\results\bank</Filter>
    </ClInclude>
    <ClInclude Include="src\headers\pojos\results\bank\ReprintReceiptLastResult.h">
      <Filter>Header Files\pojos\results\bank</Filter>
    </ClInclude>
    <ClInclude Include="src\headers\pojos\results\bank\ReprintReceiptNumberResult.h">
      <Filter>Header Files\pojos\results\bank</Filter>
    </ClInclude>
    <ClInclude Include="src\headers\pojos\results\bank\SettlementResult.h">
      <Filter>Header Files\pojos\results\bank</Filter>
    </ClInclude>
    <ClInclude Include="src\headers\pojos\results\bank\SimpleXResult.h">
      <Filter>Header Files\pojos\results\bank</Filter>
    </ClInclude>
    <ClInclude Include="src\headers\pojos\results\bank\VoidResult.h">
      <Filter>Header Files\pojos\results\bank</Filter>
    </ClInclude>
    <ClInclude Include="src\headers\pojos\results\ecr\EcrResult.h">
      <Filter>Header Files\pojos\results\ecr</Filter>
    </ClInclude>
    <ClInclude Include="src\headers\utils\CmdCode.h">
      <Filter>Header Files\utils</Filter>
    </ClInclude>
    <ClInclude Include="src\headers\utils\Report.h">
      <Filter>Header Files\utils</Filter>
    </ClInclude>
    <ClInclude Include="src\headers\utils\ReportSize.h">
      <Filter>Header Files\utils</Filter>
    </ClInclude>
    <ClInclude Include="src\headers\utils\StringUtils.h">
      <Filter>Header Files\utils</Filter>
    </ClInclude>
    <ClInclude Include="src\headers\utils\VatRate.h">
      <Filter>Header Files\utils</Filter>
    </ClInclude>
  </ItemGroup>
</Project>