<?xml version="1.0" encoding="utf-8"?>
<Project ToolsVersion="4.0" xmlns="http://schemas.microsoft.com/developer/msbuild/2003">
  <ItemGroup>
    <Filter Include="Source Files">
      <UniqueIdentifier>{4FC737F1-C7A5-4376-A066-2A32D752A2FF}</UniqueIdentifier>
      <Extensions>cpp;c;cc;cxx;c++;cppm;ixx;def;odl;idl;hpj;bat;asm;asmx</Extensions>
    </Filter>
    <Filter Include="Header Files">
      <UniqueIdentifier>{93995380-89BD-4b04-88EB-625FBE52EBFB}</UniqueIdentifier>
      <Extensions>h;hh;hpp;hxx;h++;hm;inl;inc;ipp;xsd</Extensions>
    </Filter>
    <Filter Include="Resource Files">
      <UniqueIdentifier>{67DA6AB6-F800-4c08-8B7A-83BB121AAD01}</UniqueIdentifier>
      <Extensions>rc;ico;cur;bmp;dlg;rc2;rct;bin;rgs;gif;jpg;jpeg;jpe;resx;tiff;tif;png;wav;mfcribbon-ms</Extensions>
    </Filter>
    <Filter Include="Header Files\main">
      <UniqueIdentifier>{604fce04-0e58-4b84-b22f-e5721c971feb}</UniqueIdentifier>
    </Filter>
    <Filter Include="Header Files\pojos">
      <UniqueIdentifier>{64728397-230f-4ef1-b850-65cd87d1bd5c}</UniqueIdentifier>
    </Filter>
    <Filter Include="Header Files\pojos\requests">
      <UniqueIdentifier>{494d5a91-8e22-4ffe-ba2e-2f804bb5451a}</UniqueIdentifier>
    </Filter>
    <Filter Include="Header Files\pojos\results">
      <UniqueIdentifier>{e38c49fc-b883-41f0-8460-e92335f70ea9}</UniqueIdentifier>
    </Filter>
    <Filter Include="Header Files\utils">
      <UniqueIdentifier>{26b2a968-fa22-48ae-83d8-d392905c1400}</UniqueIdentifier>
    </Filter>
    <Filter Include="Header Files\pojos\requests\bank">
      <UniqueIdentifier>{0455cd0f-3fda-4c1a-a587-c54f556af04a}</UniqueIdentifier>
    </Filter>
    <Filter Include="Header Files\pojos\requests\ecr">
      <UniqueIdentifier>{f7a08c0c-c96e-4e7e-9301-97e30d79b382}</UniqueIdentifier>
    </Filter>
    <Filter Include="Header Files\pojos\results\bank">
      <UniqueIdentifier>{f11b45fb-46c9-426c-bedd-6386748a1ead}</UniqueIdentifier>
    </Filter>
    <Filter Include="Header Files\pojos\results\ecr">
      <UniqueIdentifier>{001da997-cf19-4259-9c84-f8b72de98292}</UniqueIdentifier>
    </Filter>
    <Filter Include="Header Files\thread">
      <UniqueIdentifier>{3a951137-22ab-4b10-a455-b3652bbca43b}</UniqueIdentifier>
    </Filter>
    <Filter Include="Header Files\utils\ecr">
      <UniqueIdentifier>{b7b8f947-4c73-442d-ac30-71bfc26e67e9}</UniqueIdentifier>
    </Filter>
  </ItemGroup>
  <ItemGroup>
    <ClInclude Include="src\headers\thread\CppThread.hpp">
      <Filter>Header Files\thread</Filter>
    </ClInclude>
    <ClInclude Include="src\headers\main\ClientServiceContract.h">
      <Filter>Header Files\main</Filter>
    </ClInclude>
    <ClInclude Include="src\headers\main\OpitClient.h">
      <Filter>Header Files\main</Filter>
    </ClInclude>
    <ClInclude Include="src\headers\main\OpitResultListener.h">
      <Filter>Header Files\main</Filter>
    </ClInclude>
    <ClInclude Include="src\headers\main\ResultListener.h">
      <Filter>Header Files\main</Filter>
    </ClInclude>
    <ClInclude Include="src\headers\pojos\requests\bank\CurrencyRequest.h">
      <Filter>Header Files\pojos\requests\bank</Filter>
    </ClInclude>
    <ClInclude Include="src\headers\pojos\requests\bank\PaymentRequest.h">
      <Filter>Header Files\pojos\requests\bank</Filter>
    </ClInclude>
    <ClInclude Include="src\headers\pojos\requests\bank\ReceiptRequest.h">
      <Filter>Header Files\pojos\requests\bank</Filter>
    </ClInclude>
    <ClInclude Include="src\headers\pojos\requests\bank\SimpleRequest.h">
      <Filter>Header Files\pojos\requests\bank</Filter>
    </ClInclude>
    <ClInclude Include="src\headers\pojos\requests\ecr\CommandRequest.h">
      <Filter>Header Files\pojos\requests\ecr</Filter>
    </ClInclude>
    <ClInclude Include="src\headers\pojos\requests\ecr\CompanyRequest.h">
      <Filter>Header Files\pojos\requests\ecr</Filter>
    </ClInclude>
    <ClInclude Include="src\headers\pojos\requests\ecr\DateTimeRequest.h">
      <Filter>Header Files\pojos\requests\ecr</Filter>
    </ClInclude>
    <ClInclude Include="src\headers\pojos\requests\ecr\ReportRequest.h">
      <Filter>Header Files\pojos\requests\ecr</Filter>
    </ClInclude>
    <ClInclude Include="src\headers\pojos\requests\ecr\SaleRequest.h">
      <Filter>Header Files\pojos\requests\ecr</Filter>
    </ClInclude>
    <ClInclude Include="src\headers\pojos\requests\ecr\ScreenRequest.h">
      <Filter>Header Files\pojos\requests\ecr</Filter>
    </ClInclude>
    <ClInclude Include="src\headers\pojos\requests\ecr\VatRatesRequest.h">
      <Filter>Header Files\pojos\requests\ecr</Filter>
    </ClInclude>
    <ClInclude Include="src\headers\pojos\requests\ClientMessage.h">
      <Filter>Header Files\pojos\requests</Filter>
    </ClInclude>
    <ClInclude Include="src\headers\pojos\requests\HostMessage.h">
      <Filter>Header Files\pojos\requests</Filter>
    </ClInclude>
    <ClInclude Include="src\headers\pojos\requests\Request.h">
      <Filter>Header Files\pojos\requests</Filter>
    </ClInclude>
    <ClInclude Include="src\headers\pojos\results\Result.h">
      <Filter>Header Files\pojos\results</Filter>
    </ClInclude>
    <ClInclude Include="src\headers\pojos\results\bank\BasicResult.h">
      <Filter>Header Files\pojos\results\bank</Filter>
    </ClInclude>
    <ClInclude Include="src\headers\pojos\results\bank\DetailedXResult.h">
      <Filter>Header Files\pojos\results\bank</Filter>
    </ClInclude>
    <ClInclude Include="src\headers\pojos\results\bank\LastSettlementResult.h">
      <Filter>Header Files\pojos\results\bank</Filter>
    </ClInclude>
    <ClInclude Include="src\headers\pojos\results\bank\PaymentResult.h">
      <Filter>Header Files\pojos\results\bank</Filter>
    </ClInclude>
    <ClInclude Include="src\headers\pojos\results\bank\ReprintReceiptLastResult.h">
      <Filter>Header Files\pojos\results\bank</Filter>
    </ClInclude>
    <ClInclude Include="src\headers\pojos\results\bank\ReprintReceiptNumberResult.h">
      <Filter>Header Files\pojos\results\bank</Filter>
    </ClInclude>
    <ClInclude Include="src\headers\pojos\results\bank\SettlementResult.h">
      <Filter>Header Files\pojos\results\bank</Filter>
    </ClInclude>
    <ClInclude Include="src\headers\pojos\results\bank\SimpleXResult.h">
      <Filter>Header Files\pojos\results\bank</Filter>
    </ClInclude>
    <ClInclude Include="src\headers\pojos\results\bank\VoidResult.h">
      <Filter>Header Files\pojos\results\bank</Filter>
    </ClInclude>
    <ClInclude Include="src\headers\pojos\results\ecr\EcrResult.h">
      <Filter>Header Files\pojos\results\ecr</Filter>
    </ClInclude>
    <ClInclude Include="src\headers\utils\Sleep.hpp">
      <Filter>Header Files\utils</Filter>
    </ClInclude>
    <ClInclude Include="src\headers\utils\ecr\CmdCode.h">
      <Filter>Header Files\utils\ecr</Filter>
    </ClInclude>
    <ClInclude Include="src\headers\utils\ecr\CodeCommand.h">
      <Filter>Header Files\utils\ecr</Filter>
    </ClInclude>
    <ClInclude Include="src\headers\utils\ecr\Company.h">
      <Filter>Header Files\utils\ecr</Filter>
    </ClInclude>
    <ClInclude Include="src\headers\utils\ecr\CompanyCommand.h">
      <Filter>Header Files\utils\ecr</Filter>
    </ClInclude>
    <ClInclude Include="src\headers\utils\ecr\CustomerInfo.h">
      <Filter>Header Files\utils\ecr</Filter>
    </ClInclude>
    <ClInclude Include="src\headers\utils\ecr\DateAndTime.h">
      <Filter>Header Files\utils\ecr</Filter>
    </ClInclude>
    <ClInclude Include="src\headers\utils\ecr\DateTimeCommand.h">
      <Filter>Header Files\utils\ecr</Filter>
    </ClInclude>
    <ClInclude Include="src\headers\utils\ecr\FreeTextInfo.h">
      <Filter>Header Files\utils\ecr</Filter>
    </ClInclude>
    <ClInclude Include="src\headers\utils\ecr\GetCommand.h">
      <Filter>Header Files\utils\ecr</Filter>
    </ClInclude>
    <ClInclude Include="src\headers\utils\ecr\PagePosition.h">
      <Filter>Header Files\utils\ecr</Filter>
    </ClInclude>
    <ClInclude Include="src\headers\utils\ecr\PaymentsInfo.h">
      <Filter>Header Files\utils\ecr</Filter>
    </ClInclude>
    <ClInclude Include="src\headers\utils\ecr\ProductsInfo.h">
      <Filter>Header Files\utils\ecr</Filter>
    </ClInclude>
    <ClInclude Include="src\headers\utils\ecr\Report.h">
      <Filter>Header Files\utils\ecr</Filter>
    </ClInclude>
    <ClInclude Include="src\headers\utils\ecr\ReportCommand.h">
      <Filter>Header Files\utils\ecr</Filter>
    </ClInclude>
    <ClInclude Include="src\headers\utils\ecr\ReportSize.h">
      <Filter>Header Files\utils\ecr</Filter>
    </ClInclude>
    <ClInclude Include="src\headers\utils\ecr\ReportType.h">
      <Filter>Header Files\utils\ecr</Filter>
    </ClInclude>
    <ClInclude Include="src\headers\utils\ecr\Sale.h">
      <Filter>Header Files\utils\ecr</Filter>
    </ClInclude>
    <ClInclude Include="src\headers\utils\ecr\SaleCommand.h">
      <Filter>Header Files\utils\ecr</Filter>
    </ClInclude>
    <ClInclude Include="src\headers\utils\ecr\SaleInfo.h">
      <Filter>Header Files\utils\ecr</Filter>
    </ClInclude>
    <ClInclude Include="src\headers\utils\ecr\TotalAdjustments.h">
      <Filter>Header Files\utils\ecr</Filter>
    </ClInclude>
    <ClInclude Include="src\headers\utils\ecr\VatRates.h">
      <Filter>Header Files\utils\ecr</Filter>
    </ClInclude>
    <ClInclude Include="src\headers\utils\ecr\VatRatesCommand.h">
      <Filter>Header Files\utils\ecr</Filter>
    </ClInclude>
    <ClInclude Include="src\headers\utils\ecr\VatRateType.h">
      <Filter>Header Files\utils\ecr</Filter>
    </ClInclude>
  </ItemGroup>
  <ItemGroup>
    <ClCompile Include="src\MainApp.cpp">
      <Filter>Source Files</Filter>
    </ClCompile>
    <ClCompile Include="src\ResultListener.cpp">
      <Filter>Source Files</Filter>
    </ClCompile>
  </ItemGroup>
</Project>